// !$*UTF8*$!
{
	archiveVersion = 1;
	classes = {
	};
	objectVersion = 46;
	objects = {

/* Begin PBXBuildFile section */
		840FF16A1BD8A262007F7062 /* AppDelegate.swift in Sources */ = {isa = PBXBuildFile; fileRef = 840FF1691BD8A262007F7062 /* AppDelegate.swift */; };
		840FF16C1BD8A262007F7062 /* ViewController.swift in Sources */ = {isa = PBXBuildFile; fileRef = 840FF16B1BD8A262007F7062 /* ViewController.swift */; };
		840FF16F1BD8A262007F7062 /* Main.storyboard in Resources */ = {isa = PBXBuildFile; fileRef = 840FF16D1BD8A262007F7062 /* Main.storyboard */; };
		840FF1711BD8A262007F7062 /* Assets.xcassets in Resources */ = {isa = PBXBuildFile; fileRef = 840FF1701BD8A262007F7062 /* Assets.xcassets */; };
		840FF1741BD8A262007F7062 /* LaunchScreen.storyboard in Resources */ = {isa = PBXBuildFile; fileRef = 840FF1721BD8A262007F7062 /* LaunchScreen.storyboard */; };
		840FF17F1BD8A262007F7062 /* SimpleCalciOSTests.swift in Sources */ = {isa = PBXBuildFile; fileRef = 840FF17E1BD8A262007F7062 /* SimpleCalciOSTests.swift */; };
		840FF18A1BD8A262007F7062 /* SimpleCalciOSUITests.swift in Sources */ = {isa = PBXBuildFile; fileRef = 840FF1891BD8A262007F7062 /* SimpleCalciOSUITests.swift */; };
/* End PBXBuildFile section */

/* Begin PBXContainerItemProxy section */
		840FF17B1BD8A262007F7062 /* PBXContainerItemProxy */ = {
			isa = PBXContainerItemProxy;
			containerPortal = 840FF15E1BD8A262007F7062 /* Project object */;
			proxyType = 1;
			remoteGlobalIDString = 840FF1651BD8A262007F7062;
			remoteInfo = SimpleCalciOS;
		};
		840FF1861BD8A262007F7062 /* PBXContainerItemProxy */ = {
			isa = PBXContainerItemProxy;
			containerPortal = 840FF15E1BD8A262007F7062 /* Project object */;
			proxyType = 1;
			remoteGlobalIDString = 840FF1651BD8A262007F7062;
			remoteInfo = SimpleCalciOS;
		};
/* End PBXContainerItemProxy section */

/* Begin PBXFileReference section */
		840FF1661BD8A262007F7062 /* SimpleCalciOS.app */ = {isa = PBXFileReference; explicitFileType = wrapper.application; includeInIndex = 0; path = SimpleCalciOS.app; sourceTree = BUILT_PRODUCTS_DIR; };
		840FF1691BD8A262007F7062 /* AppDelegate.swift */ = {isa = PBXFileReference; lastKnownFileType = sourcecode.swift; path = AppDelegate.swift; sourceTree = "<group>"; };
		840FF16B1BD8A262007F7062 /* ViewController.swift */ = {isa = PBXFileReference; lastKnownFileType = sourcecode.swift; path = ViewController.swift; sourceTree = "<group>"; };
		840FF16E1BD8A262007F7062 /* Base */ = {isa = PBXFileReference; lastKnownFileType = file.storyboard; name = Base; path = Base.lproj/Main.storyboard; sourceTree = "<group>"; };
		840FF1701BD8A262007F7062 /* Assets.xcassets */ = {isa = PBXFileReference; lastKnownFileType = folder.assetcatalog; path = Assets.xcassets; sourceTree = "<group>"; };
		840FF1731BD8A262007F7062 /* Base */ = {isa = PBXFileReference; lastKnownFileType = file.storyboard; name = Base; path = Base.lproj/LaunchScreen.storyboard; sourceTree = "<group>"; };
		840FF1751BD8A262007F7062 /* Info.plist */ = {isa = PBXFileReference; lastKnownFileType = text.plist.xml; path = Info.plist; sourceTree = "<group>"; };
		840FF17A1BD8A262007F7062 /* SimpleCalciOSTests.xctest */ = {isa = PBXFileReference; explicitFileType = wrapper.cfbundle; includeInIndex = 0; path = SimpleCalciOSTests.xctest; sourceTree = BUILT_PRODUCTS_DIR; };
		840FF17E1BD8A262007F7062 /* SimpleCalciOSTests.swift */ = {isa = PBXFileReference; lastKnownFileType = sourcecode.swift; path = SimpleCalciOSTests.swift; sourceTree = "<group>"; };
		840FF1801BD8A262007F7062 /* Info.plist */ = {isa = PBXFileReference; lastKnownFileType = text.plist.xml; path = Info.plist; sourceTree = "<group>"; };
		840FF1851BD8A262007F7062 /* SimpleCalciOSUITests.xctest */ = {isa = PBXFileReference; explicitFileType = wrapper.cfbundle; includeInIndex = 0; path = SimpleCalciOSUITests.xctest; sourceTree = BUILT_PRODUCTS_DIR; };
		840FF1891BD8A262007F7062 /* SimpleCalciOSUITests.swift */ = {isa = PBXFileReference; lastKnownFileType = sourcecode.swift; path = SimpleCalciOSUITests.swift; sourceTree = "<group>"; };
		840FF18B1BD8A262007F7062 /* Info.plist */ = {isa = PBXFileReference; lastKnownFileType = text.plist.xml; path = Info.plist; sourceTree = "<group>"; };
/* End PBXFileReference section */

/* Begin PBXFrameworksBuildPhase section */
		840FF1631BD8A262007F7062 /* Frameworks */ = {
			isa = PBXFrameworksBuildPhase;
			buildActionMask = 2147483647;
			files = (
			);
			runOnlyForDeploymentPostprocessing = 0;
		};
		840FF1771BD8A262007F7062 /* Frameworks */ = {
			isa = PBXFrameworksBuildPhase;
			buildActionMask = 2147483647;
			files = (
			);
			runOnlyForDeploymentPostprocessing = 0;
		};
		840FF1821BD8A262007F7062 /* Frameworks */ = {
			isa = PBXFrameworksBuildPhase;
			buildActionMask = 2147483647;
			files = (
			);
			runOnlyForDeploymentPostprocessing = 0;
		};
/* End PBXFrameworksBuildPhase section */

/* Begin PBXGroup section */
		840FF15D1BD8A262007F7062 = {
			isa = PBXGroup;
			children = (
				840FF1681BD8A262007F7062 /* SimpleCalciOS */,
				840FF17D1BD8A262007F7062 /* SimpleCalciOSTests */,
				840FF1881BD8A262007F7062 /* SimpleCalciOSUITests */,
				840FF1671BD8A262007F7062 /* Products */,
			);
			sourceTree = "<group>";
		};
		840FF1671BD8A262007F7062 /* Products */ = {
			isa = PBXGroup;
			children = (
				840FF1661BD8A262007F7062 /* SimpleCalciOS.app */,
				840FF17A1BD8A262007F7062 /* SimpleCalciOSTests.xctest */,
				840FF1851BD8A262007F7062 /* SimpleCalciOSUITests.xctest */,
			);
			name = Products;
			sourceTree = "<group>";
		};
		840FF1681BD8A262007F7062 /* SimpleCalciOS */ = {
			isa = PBXGroup;
			children = (
				840FF1691BD8A262007F7062 /* AppDelegate.swift */,
				840FF16B1BD8A262007F7062 /* ViewController.swift */,
				840FF16D1BD8A262007F7062 /* Main.storyboard */,
				840FF1701BD8A262007F7062 /* Assets.xcassets */,
				840FF1721BD8A262007F7062 /* LaunchScreen.storyboard */,
				840FF1751BD8A262007F7062 /* Info.plist */,
			);
			path = SimpleCalciOS;
			sourceTree = "<group>";
		};
		840FF17D1BD8A262007F7062 /* SimpleCalciOSTests */ = {
			isa = PBXGroup;
			children = (
				840FF17E1BD8A262007F7062 /* SimpleCalciOSTests.swift */,
				840FF1801BD8A262007F7062 /* Info.plist */,
			);
			path = SimpleCalciOSTests;
			sourceTree = "<group>";
		};
		840FF1881BD8A262007F7062 /* SimpleCalciOSUITests */ = {
			isa = PBXGroup;
			children = (
				840FF1891BD8A262007F7062 /* SimpleCalciOSUITests.swift */,
				840FF18B1BD8A262007F7062 /* Info.plist */,
			);
			path = SimpleCalciOSUITests;
			sourceTree = "<group>";
		};
/* End PBXGroup section */

/* Begin PBXNativeTarget section */
		840FF1651BD8A262007F7062 /* SimpleCalciOS */ = {
			isa = PBXNativeTarget;
			buildConfigurationList = 840FF18E1BD8A262007F7062 /* Build configuration list for PBXNativeTarget "SimpleCalciOS" */;
			buildPhases = (
				840FF1621BD8A262007F7062 /* Sources */,
				840FF1631BD8A262007F7062 /* Frameworks */,
				840FF1641BD8A262007F7062 /* Resources */,
			);
			buildRules = (
			);
			dependencies = (
			);
			name = SimpleCalciOS;
			productName = SimpleCalciOS;
			productReference = 840FF1661BD8A262007F7062 /* SimpleCalciOS.app */;
			productType = "com.apple.product-type.application";
		};
		840FF1791BD8A262007F7062 /* SimpleCalciOSTests */ = {
			isa = PBXNativeTarget;
			buildConfigurationList = 840FF1911BD8A262007F7062 /* Build configuration list for PBXNativeTarget "SimpleCalciOSTests" */;
			buildPhases = (
				840FF1761BD8A262007F7062 /* Sources */,
				840FF1771BD8A262007F7062 /* Frameworks */,
				840FF1781BD8A262007F7062 /* Resources */,
			);
			buildRules = (
			);
			dependencies = (
				840FF17C1BD8A262007F7062 /* PBXTargetDependency */,
			);
			name = SimpleCalciOSTests;
			productName = SimpleCalciOSTests;
			productReference = 840FF17A1BD8A262007F7062 /* SimpleCalciOSTests.xctest */;
			productType = "com.apple.product-type.bundle.unit-test";
		};
		840FF1841BD8A262007F7062 /* SimpleCalciOSUITests */ = {
			isa = PBXNativeTarget;
			buildConfigurationList = 840FF1941BD8A262007F7062 /* Build configuration list for PBXNativeTarget "SimpleCalciOSUITests" */;
			buildPhases = (
				840FF1811BD8A262007F7062 /* Sources */,
				840FF1821BD8A262007F7062 /* Frameworks */,
				840FF1831BD8A262007F7062 /* Resources */,
			);
			buildRules = (
			);
			dependencies = (
				840FF1871BD8A262007F7062 /* PBXTargetDependency */,
			);
			name = SimpleCalciOSUITests;
			productName = SimpleCalciOSUITests;
			productReference = 840FF1851BD8A262007F7062 /* SimpleCalciOSUITests.xctest */;
			productType = "com.apple.product-type.bundle.ui-testing";
		};
/* End PBXNativeTarget section */

/* Begin PBXProject section */
		840FF15E1BD8A262007F7062 /* Project object */ = {
			isa = PBXProject;
			attributes = {
				LastUpgradeCheck = 0700;
				ORGANIZATIONNAME = "Smyth May";
				TargetAttributes = {
					840FF1651BD8A262007F7062 = {
						CreatedOnToolsVersion = 7.0.1;
					};
					840FF1791BD8A262007F7062 = {
						CreatedOnToolsVersion = 7.0.1;
						TestTargetID = 840FF1651BD8A262007F7062;
					};
					840FF1841BD8A262007F7062 = {
						CreatedOnToolsVersion = 7.0.1;
						TestTargetID = 840FF1651BD8A262007F7062;
					};
				};
			};
			buildConfigurationList = 840FF1611BD8A262007F7062 /* Build configuration list for PBXProject "SimpleCalciOS" */;
			compatibilityVersion = "Xcode 3.2";
			developmentRegion = English;
			hasScannedForEncodings = 0;
			knownRegions = (
				en,
				Base,
			);
			mainGroup = 840FF15D1BD8A262007F7062;
			productRefGroup = 840FF1671BD8A262007F7062 /* Products */;
			projectDirPath = "";
			projectRoot = "";
			targets = (
				840FF1651BD8A262007F7062 /* SimpleCalciOS */,
				840FF1791BD8A262007F7062 /* SimpleCalciOSTests */,
				840FF1841BD8A262007F7062 /* SimpleCalciOSUITests */,
			);
		};
/* End PBXProject section */

/* Begin PBXResourcesBuildPhase section */
		840FF1641BD8A262007F7062 /* Resources */ = {
			isa = PBXResourcesBuildPhase;
			buildActionMask = 2147483647;
			files = (
				840FF1741BD8A262007F7062 /* LaunchScreen.storyboard in Resources */,
				840FF1711BD8A262007F7062 /* Assets.xcassets in Resources */,
				840FF16F1BD8A262007F7062 /* Main.storyboard in Resources */,
			);
			runOnlyForDeploymentPostprocessing = 0;
		};
		840FF1781BD8A262007F7062 /* Resources */ = {
			isa = PBXResourcesBuildPhase;
			buildActionMask = 2147483647;
			files = (
			);
			runOnlyForDeploymentPostprocessing = 0;
		};
		840FF1831BD8A262007F7062 /* Resources */ = {
			isa = PBXResourcesBuildPhase;
			buildActionMask = 2147483647;
			files = (
			);
			runOnlyForDeploymentPostprocessing = 0;
		};
/* End PBXResourcesBuildPhase section */

/* Begin PBXSourcesBuildPhase section */
		840FF1621BD8A262007F7062 /* Sources */ = {
			isa = PBXSourcesBuildPhase;
			buildActionMask = 2147483647;
			files = (
				840FF16C1BD8A262007F7062 /* ViewController.swift in Sources */,
				840FF16A1BD8A262007F7062 /* AppDelegate.swift in Sources */,
			);
			runOnlyForDeploymentPostprocessing = 0;
		};
		840FF1761BD8A262007F7062 /* Sources */ = {
			isa = PBXSourcesBuildPhase;
			buildActionMask = 2147483647;
			files = (
				840FF17F1BD8A262007F7062 /* SimpleCalciOSTests.swift in Sources */,
			);
			runOnlyForDeploymentPostprocessing = 0;
		};
		840FF1811BD8A262007F7062 /* Sources */ = {
			isa = PBXSourcesBuildPhase;
			buildActionMask = 2147483647;
			files = (
				840FF18A1BD8A262007F7062 /* SimpleCalciOSUITests.swift in Sources */,
			);
			runOnlyForDeploymentPostprocessing = 0;
		};
/* End PBXSourcesBuildPhase section */

/* Begin PBXTargetDependency section */
		840FF17C1BD8A262007F7062 /* PBXTargetDependency */ = {
			isa = PBXTargetDependency;
			target = 840FF1651BD8A262007F7062 /* SimpleCalciOS */;
			targetProxy = 840FF17B1BD8A262007F7062 /* PBXContainerItemProxy */;
		};
		840FF1871BD8A262007F7062 /* PBXTargetDependency */ = {
			isa = PBXTargetDependency;
			target = 840FF1651BD8A262007F7062 /* SimpleCalciOS */;
			targetProxy = 840FF1861BD8A262007F7062 /* PBXContainerItemProxy */;
		};
/* End PBXTargetDependency section */

/* Begin PBXVariantGroup section */
		840FF16D1BD8A262007F7062 /* Main.storyboard */ = {
			isa = PBXVariantGroup;
			children = (
				840FF16E1BD8A262007F7062 /* Base */,
			);
			name = Main.storyboard;
			sourceTree = "<group>";
		};
		840FF1721BD8A262007F7062 /* LaunchScreen.storyboard */ = {
			isa = PBXVariantGroup;
			children = (
				840FF1731BD8A262007F7062 /* Base */,
			);
			name = LaunchScreen.storyboard;
			sourceTree = "<group>";
		};
/* End PBXVariantGroup section */

/* Begin XCBuildConfiguration section */
		840FF18C1BD8A262007F7062 /* Debug */ = {
			isa = XCBuildConfiguration;
			buildSettings = {
				ALWAYS_SEARCH_USER_PATHS = NO;
				CLANG_CXX_LANGUAGE_STANDARD = "gnu++0x";
				CLANG_CXX_LIBRARY = "libc++";
				CLANG_ENABLE_MODULES = YES;
				CLANG_ENABLE_OBJC_ARC = YES;
				CLANG_WARN_BOOL_CONVERSION = YES;
				CLANG_WARN_CONSTANT_CONVERSION = YES;
				CLANG_WARN_DIRECT_OBJC_ISA_USAGE = YES_ERROR;
				CLANG_WARN_EMPTY_BODY = YES;
				CLANG_WARN_ENUM_CONVERSION = YES;
				CLANG_WARN_INT_CONVERSION = YES;
				CLANG_WARN_OBJC_ROOT_CLASS = YES_ERROR;
				CLANG_WARN_UNREACHABLE_CODE = YES;
				CLANG_WARN__DUPLICATE_METHOD_MATCH = YES;
				"CODE_SIGN_IDENTITY[sdk=iphoneos*]" = "iPhone Developer";
				COPY_PHASE_STRIP = NO;
				DEBUG_INFORMATION_FORMAT = dwarf;
				ENABLE_STRICT_OBJC_MSGSEND = YES;
				ENABLE_TESTABILITY = YES;
				GCC_C_LANGUAGE_STANDARD = gnu99;
				GCC_DYNAMIC_NO_PIC = NO;
				GCC_NO_COMMON_BLOCKS = YES;
				GCC_OPTIMIZATION_LEVEL = 0;
				GCC_PREPROCESSOR_DEFINITIONS = (
					"DEBUG=1",
					"$(inherited)",
				);
				GCC_WARN_64_TO_32_BIT_CONVERSION = YES;
				GCC_WARN_ABOUT_RETURN_TYPE = YES_ERROR;
				GCC_WARN_UNDECLARED_SELECTOR = YES;
				GCC_WARN_UNINITIALIZED_AUTOS = YES_AGGRESSIVE;
				GCC_WARN_UNUSED_FUNCTION = YES;
				GCC_WARN_UNUSED_VARIABLE = YES;
				IPHONEOS_DEPLOYMENT_TARGET = 9.0;
				MTL_ENABLE_DEBUG_INFO = YES;
				ONLY_ACTIVE_ARCH = YES;
				SDKROOT = iphoneos;
				SWIFT_OPTIMIZATION_LEVEL = "-Onone";
				TARGETED_DEVICE_FAMILY = "1,2";
			};
			name = Debug;
		};
		840FF18D1BD8A262007F7062 /* Release */ = {
			isa = XCBuildConfiguration;
			buildSettings = {
				ALWAYS_SEARCH_USER_PATHS = NO;
				CLANG_CXX_LANGUAGE_STANDARD = "gnu++0x";
				CLANG_CXX_LIBRARY = "libc++";
				CLANG_ENABLE_MODULES = YES;
				CLANG_ENABLE_OBJC_ARC = YES;
				CLANG_WARN_BOOL_CONVERSION = YES;
				CLANG_WARN_CONSTANT_CONVERSION = YES;
				CLANG_WARN_DIRECT_OBJC_ISA_USAGE = YES_ERROR;
				CLANG_WARN_EMPTY_BODY = YES;
				CLANG_WARN_ENUM_CONVERSION = YES;
				CLANG_WARN_INT_CONVERSION = YES;
				CLANG_WARN_OBJC_ROOT_CLASS = YES_ERROR;
				CLANG_WARN_UNREACHABLE_CODE = YES;
				CLANG_WARN__DUPLICATE_METHOD_MATCH = YES;
				"CODE_SIGN_IDENTITY[sdk=iphoneos*]" = "iPhone Developer";
				COPY_PHASE_STRIP = NO;
				DEBUG_INFORMATION_FORMAT = "dwarf-with-dsym";
				ENABLE_NS_ASSERTIONS = NO;
				ENABLE_STRICT_OBJC_MSGSEND = YES;
				GCC_C_LANGUAGE_STANDARD = gnu99;
				GCC_NO_COMMON_BLOCKS = YES;
				GCC_WARN_64_TO_32_BIT_CONVERSION = YES;
				GCC_WARN_ABOUT_RETURN_TYPE = YES_ERROR;
				GCC_WARN_UNDECLARED_SELECTOR = YES;
				GCC_WARN_UNINITIALIZED_AUTOS = YES_AGGRESSIVE;
				GCC_WARN_UNUSED_FUNCTION = YES;
				GCC_WARN_UNUSED_VARIABLE = YES;
				IPHONEOS_DEPLOYMENT_TARGET = 9.0;
				MTL_ENABLE_DEBUG_INFO = NO;
				SDKROOT = iphoneos;
				TARGETED_DEVICE_FAMILY = "1,2";
				VALIDATE_PRODUCT = YES;
			};
			name = Release;
		};
		840FF18F1BD8A262007F7062 /* Debug */ = {
			isa = XCBuildConfiguration;
			buildSettings = {
				ASSETCATALOG_COMPILER_APPICON_NAME = AppIcon;
				INFOPLIST_FILE = SimpleCalciOS/Info.plist;
				LD_RUNPATH_SEARCH_PATHS = "$(inherited) @executable_path/Frameworks";
				PRODUCT_BUNDLE_IDENTIFIER = edu.washington.wsmay1.SimpleCalciOS;
				PRODUCT_NAME = "$(TARGET_NAME)";
			};
			name = Debug;
		};
		840FF1901BD8A262007F7062 /* Release */ = {
			isa = XCBuildConfiguration;
			buildSettings = {
				ASSETCATALOG_COMPILER_APPICON_NAME = AppIcon;
				INFOPLIST_FILE = SimpleCalciOS/Info.plist;
				LD_RUNPATH_SEARCH_PATHS = "$(inherited) @executable_path/Frameworks";
				PRODUCT_BUNDLE_IDENTIFIER = edu.washington.wsmay1.SimpleCalciOS;
				PRODUCT_NAME = "$(TARGET_NAME)";
			};
			name = Release;
		};
		840FF1921BD8A262007F7062 /* Debug */ = {
			isa = XCBuildConfiguration;
			buildSettings = {
				BUNDLE_LOADER = "$(TEST_HOST)";
				INFOPLIST_FILE = SimpleCalciOSTests/Info.plist;
				LD_RUNPATH_SEARCH_PATHS = "$(inherited) @executable_path/Frameworks @loader_path/Frameworks";
				PRODUCT_BUNDLE_IDENTIFIER = edu.washington.wsmay1.SimpleCalciOSTests;
				PRODUCT_NAME = "$(TARGET_NAME)";
				TEST_HOST = "$(BUILT_PRODUCTS_DIR)/SimpleCalciOS.app/SimpleCalciOS";
			};
			name = Debug;
		};
		840FF1931BD8A262007F7062 /* Release */ = {
			isa = XCBuildConfiguration;
			buildSettings = {
				BUNDLE_LOADER = "$(TEST_HOST)";
				INFOPLIST_FILE = SimpleCalciOSTests/Info.plist;
				LD_RUNPATH_SEARCH_PATHS = "$(inherited) @executable_path/Frameworks @loader_path/Frameworks";
				PRODUCT_BUNDLE_IDENTIFIER = edu.washington.wsmay1.SimpleCalciOSTests;
				PRODUCT_NAME = "$(TARGET_NAME)";
				TEST_HOST = "$(BUILT_PRODUCTS_DIR)/SimpleCalciOS.app/SimpleCalciOS";
			};
			name = Release;
		};
		840FF1951BD8A262007F7062 /* Debug */ = {
			isa = XCBuildConfiguration;
			buildSettings = {
				INFOPLIST_FILE = SimpleCalciOSUITests/Info.plist;
				LD_RUNPATH_SEARCH_PATHS = "$(inherited) @executable_path/Frameworks @loader_path/Frameworks";
				PRODUCT_BUNDLE_IDENTIFIER = edu.washington.wsmay1.SimpleCalciOSUITests;
				PRODUCT_NAME = "$(TARGET_NAME)";
				TEST_TARGET_NAME = SimpleCalciOS;
				USES_XCTRUNNER = YES;
			};
			name = Debug;
		};
		840FF1961BD8A262007F7062 /* Release */ = {
			isa = XCBuildConfiguration;
			buildSettings = {
				INFOPLIST_FILE = SimpleCalciOSUITests/Info.plist;
				LD_RUNPATH_SEARCH_PATHS = "$(inherited) @executable_path/Frameworks @loader_path/Frameworks";
				PRODUCT_BUNDLE_IDENTIFIER = edu.washington.wsmay1.SimpleCalciOSUITests;
				PRODUCT_NAME = "$(TARGET_NAME)";
				TEST_TARGET_NAME = SimpleCalciOS;
				USES_XCTRUNNER = YES;
			};
			name = Release;
		};
/* End XCBuildConfiguration section */

/* Begin XCConfigurationList section */
		840FF1611BD8A262007F7062 /* Build configuration list for PBXProject "SimpleCalciOS" */ = {
			isa = XCConfigurationList;
			buildConfigurations = (
				840FF18C1BD8A262007F7062 /* Debug */,
				840FF18D1BD8A262007F7062 /* Release */,
			);
			defaultConfigurationIsVisible = 0;
			defaultConfigurationName = Release;
		};
		840FF18E1BD8A262007F7062 /* Build configuration list for PBXNativeTarget "SimpleCalciOS" */ = {
			isa = XCConfigurationList;
			buildConfigurations = (
				840FF18F1BD8A262007F7062 /* Debug */,
				840FF1901BD8A262007F7062 /* Release */,
			);
			defaultConfigurationIsVisible = 0;
		};
		840FF1911BD8A262007F7062 /* Build configuration list for PBXNativeTarget "SimpleCalciOSTests" */ = {
			isa = XCConfigurationList;
			buildConfigurations = (
				840FF1921BD8A262007F7062 /* Debug */,
				840FF1931BD8A262007F7062 /* Release */,
			);
			defaultConfigurationIsVisible = 0;
		};
		840FF1941BD8A262007F7062 /* Build configuration list for PBXNativeTarget "SimpleCalciOSUITests" */ = {
			isa = XCConfigurationList;
			buildConfigurations = (
				840FF1951BD8A262007F7062 /* Debug */,
				840FF1961BD8A262007F7062 /* Release */,
			);
			defaultConfigurationIsVisible = 0;
		};
/* End XCConfigurationList section */
	};
	rootObject = 840FF15E1BD8A262007F7062 /* Project object */;
}
